
Microsoft Visual Studio Solution File, Format Version 12.00
# Visual Studio Version 17
VisualStudioVersion = 17.13.35806.99 d17.13
MinimumVisualStudioVersion = 10.0.40219.1
Project("{FAE04EC0-301F-11D3-BF4B-00C04F79EFBC}") = "EcoEnergyRazor", "EcoEnergyRazor.csproj", "{F5B2F5E5-96FC-4F84-B51B-12D25B0C41BB}"
EndProject
Global
	GlobalSection(SolutionConfigurationPlatforms) = preSolution
		Debug|Any CPU = Debug|Any CPU
		Release|Any CPU = Release|Any CPU
	EndGlobalSection
	GlobalSection(ProjectConfigurationPlatforms) = postSolution
		{F5B2F5E5-96FC-4F84-B51B-12D25B0C41BB}.Debug|Any CPU.ActiveCfg = Debug|Any CPU
		{F5B2F5E5-96FC-4F84-B51B-12D25B0C41BB}.Debug|Any CPU.Build.0 = Debug|Any CPU
		{F5B2F5E5-96FC-4F84-B51B-12D25B0C41BB}.Release|Any CPU.ActiveCfg = Release|Any CPU
		{F5B2F5E5-96FC-4F84-B51B-12D25B0C41BB}.Release|Any CPU.Build.0 = Release|Any CPU
	EndGlobalSection
	GlobalSection(SolutionProperties) = preSolution
		HideSolutionNode = FALSE
	EndGlobalSection
	GlobalSection(ExtensibilityGlobals) = postSolution
		SolutionGuid = {88E7F6FE-31F1-4F08-AAC6-70355AD3BC29}
	EndGlobalSection
EndGlobal
